dependencies:
- name: loki
  repository: https://grafana.github.io/helm-charts
  version: 6.46.0
- name: promtail
  repository: https://grafana.github.io/helm-charts
  version: 6.17.1
- name: grafana
  repository: https://grafana.github.io/helm-charts
  version: 10.1.4
digest: sha256:4bd7d37566ca19179cdc65ae9c971a28def5aef61b50e3454363ad456c4b7c78
generated: "2025-11-14T15:24:01.450665+01:00"
